
Microsoft Visual Studio Solution File, Format Version 12.00
# Visual Studio 15
Project("{FAE04EC0-301F-11D3-BF4B-00C04F79EFBC}") = "BasketService", "BasketService\BasketService.csproj", "{61276D4D-9DCC-4206-BCF4-740596CC3256}"
EndProject
Project("{FAE04EC0-301F-11D3-BF4B-00C04F79EFBC}") = "BasketService.ComponentTests", "BasketService.ComponentTests\BasketService.ComponentTests.csproj", "{33EBBB59-5F18-4998-AE26-2BDC4B30DD69}"
EndProject
Project("{FAE04EC0-301F-11D3-BF4B-00C04F79EFBC}") = "BasketService.UnitTests", "BasketServiceUnitTests\BasketService.UnitTests.csproj", "{F500A403-9B26-41D0-BD26-F7BD98C1CABB}"
EndProject
Global
	GlobalSection(SolutionConfigurationPlatforms) = preSolution
		Debug|Any CPU = Debug|Any CPU
		Release|Any CPU = Release|Any CPU
	EndGlobalSection
	GlobalSection(ProjectConfigurationPlatforms) = postSolution
		{61276D4D-9DCC-4206-BCF4-740596CC3256}.Debug|Any CPU.ActiveCfg = Debug|Any CPU
		{61276D4D-9DCC-4206-BCF4-740596CC3256}.Debug|Any CPU.Build.0 = Debug|Any CPU
		{61276D4D-9DCC-4206-BCF4-740596CC3256}.Release|Any CPU.ActiveCfg = Release|Any CPU
		{61276D4D-9DCC-4206-BCF4-740596CC3256}.Release|Any CPU.Build.0 = Release|Any CPU
		{33EBBB59-5F18-4998-AE26-2BDC4B30DD69}.Debug|Any CPU.ActiveCfg = Debug|Any CPU
		{33EBBB59-5F18-4998-AE26-2BDC4B30DD69}.Debug|Any CPU.Build.0 = Debug|Any CPU
		{33EBBB59-5F18-4998-AE26-2BDC4B30DD69}.Release|Any CPU.ActiveCfg = Release|Any CPU
		{33EBBB59-5F18-4998-AE26-2BDC4B30DD69}.Release|Any CPU.Build.0 = Release|Any CPU
		{F500A403-9B26-41D0-BD26-F7BD98C1CABB}.Debug|Any CPU.ActiveCfg = Debug|Any CPU
		{F500A403-9B26-41D0-BD26-F7BD98C1CABB}.Debug|Any CPU.Build.0 = Debug|Any CPU
		{F500A403-9B26-41D0-BD26-F7BD98C1CABB}.Release|Any CPU.ActiveCfg = Release|Any CPU
		{F500A403-9B26-41D0-BD26-F7BD98C1CABB}.Release|Any CPU.Build.0 = Release|Any CPU
	EndGlobalSection
EndGlobal
